
Microsoft Visual Studio Solution File, Format Version 12.00
# Visual Studio Version 17
VisualStudioVersion = 17.5.33530.505
MinimumVisualStudioVersion = 10.0.40219.1
Project("{FAE04EC0-301F-11D3-BF4B-00C04F79EFBC}") = "İnfotechProje", "İnfotechProje\İnfotechProje.csproj", "{3AF09C6C-DAC4-4E6F-9B66-03CB17F6228C}"
EndProject
Global
	GlobalSection(SolutionConfigurationPlatforms) = preSolution
		Debug|Any CPU = Debug|Any CPU
		Release|Any CPU = Release|Any CPU
	EndGlobalSection
	GlobalSection(ProjectConfigurationPlatforms) = postSolution
		{3AF09C6C-DAC4-4E6F-9B66-03CB17F6228C}.Debug|Any CPU.ActiveCfg = Debug|Any CPU
		{3AF09C6C-DAC4-4E6F-9B66-03CB17F6228C}.Debug|Any CPU.Build.0 = Debug|Any CPU
		{3AF09C6C-DAC4-4E6F-9B66-03CB17F6228C}.Release|Any CPU.ActiveCfg = Release|Any CPU
		{3AF09C6C-DAC4-4E6F-9B66-03CB17F6228C}.Release|Any CPU.Build.0 = Release|Any CPU
	EndGlobalSection
	GlobalSection(SolutionProperties) = preSolution
		HideSolutionNode = FALSE
	EndGlobalSection
	GlobalSection(ExtensibilityGlobals) = postSolution
		SolutionGuid = {3DA035BE-8728-42CF-9A2A-DC71711ED75E}
	EndGlobalSection
EndGlobal
